
Microsoft Visual Studio Solution File, Format Version 12.00
# Visual Studio Version 16
VisualStudioVersion = 16.0.32802.440
MinimumVisualStudioVersion = 10.0.40219.1
Project("{FAE04EC0-301F-11D3-BF4B-00C04F79EFBC}") = "tareaprog14", "tareaprog14\tareaprog14.csproj", "{B2FEE0F6-E89B-4627-9023-3190AD77AFDA}"
EndProject
Global
	GlobalSection(SolutionConfigurationPlatforms) = preSolution
		Debug|Any CPU = Debug|Any CPU
		Release|Any CPU = Release|Any CPU
	EndGlobalSection
	GlobalSection(ProjectConfigurationPlatforms) = postSolution
		{B2FEE0F6-E89B-4627-9023-3190AD77AFDA}.Debug|Any CPU.ActiveCfg = Debug|Any CPU
		{B2FEE0F6-E89B-4627-9023-3190AD77AFDA}.Debug|Any CPU.Build.0 = Debug|Any CPU
		{B2FEE0F6-E89B-4627-9023-3190AD77AFDA}.Release|Any CPU.ActiveCfg = Release|Any CPU
		{B2FEE0F6-E89B-4627-9023-3190AD77AFDA}.Release|Any CPU.Build.0 = Release|Any CPU
	EndGlobalSection
	GlobalSection(SolutionProperties) = preSolution
		HideSolutionNode = FALSE
	EndGlobalSection
	GlobalSection(ExtensibilityGlobals) = postSolution
		SolutionGuid = {5BA3D361-80BB-4F55-8AEB-ABB4EEA360A3}
	EndGlobalSection
EndGlobal
